
Microsoft Visual Studio Solution File, Format Version 12.00
# Visual Studio Version 16
VisualStudioVersion = 16.0.30204.135
MinimumVisualStudioVersion = 10.0.40219.1
Project("{FAE04EC0-301F-11D3-BF4B-00C04F79EFBC}") = "ConsoleApp9", "ConsoleApp9.csproj", "{A9DAFC46-6DE8-4D53-BF7F-7C078163A471}"
EndProject
Global
	GlobalSection(SolutionConfigurationPlatforms) = preSolution
		Debug|Any CPU = Debug|Any CPU
		Release|Any CPU = Release|Any CPU
	EndGlobalSection
	GlobalSection(ProjectConfigurationPlatforms) = postSolution
		{A9DAFC46-6DE8-4D53-BF7F-7C078163A471}.Debug|Any CPU.ActiveCfg = Debug|Any CPU
		{A9DAFC46-6DE8-4D53-BF7F-7C078163A471}.Debug|Any CPU.Build.0 = Debug|Any CPU
		{A9DAFC46-6DE8-4D53-BF7F-7C078163A471}.Release|Any CPU.ActiveCfg = Release|Any CPU
		{A9DAFC46-6DE8-4D53-BF7F-7C078163A471}.Release|Any CPU.Build.0 = Release|Any CPU
	EndGlobalSection
	GlobalSection(SolutionProperties) = preSolution
		HideSolutionNode = FALSE
	EndGlobalSection
	GlobalSection(ExtensibilityGlobals) = postSolution
		SolutionGuid = {BA031B9D-70D1-4FCF-958A-9A139C586D9E}
	EndGlobalSection
EndGlobal
